{
  "name": "hisweb",
  "version": "1.0.0",
  "lockfileVersion": 1,
  "requires": true,
  "dependencies": {
    "uikit": {
      "version": "3.5.7-dev.2b7d5578c",
      "resolved": "https://registry.npm.taobao.org/uikit/download/uikit-3.5.7-dev.2b7d5578c.tgz",
      "integrity": "sha1-udAqor8M00xRv2Zx2CVfZEsebWQ="
    }
  }
}
